
Microsoft Visual Studio Solution File, Format Version 12.00
# Visual Studio Version 17
VisualStudioVersion = 17.12.35506.116 d17.12
MinimumVisualStudioVersion = 10.0.40219.1
Project("{8BC9CEB8-8B4A-11D0-8D11-00A0C91BC942}") = "数据储存_数据类型", "数据储存_数据类型\数据储存_数据类型.vcxproj", "{EC990D41-8EA8-4FF3-B586-3C2AF67EFB69}"
EndProject
Global
	GlobalSection(SolutionConfigurationPlatforms) = preSolution
		Debug|x64 = Debug|x64
		Debug|x86 = Debug|x86
		Release|x64 = Release|x64
		Release|x86 = Release|x86
	EndGlobalSection
	GlobalSection(ProjectConfigurationPlatforms) = postSolution
		{EC990D41-8EA8-4FF3-B586-3C2AF67EFB69}.Debug|x64.ActiveCfg = Debug|x64
		{EC990D41-8EA8-4FF3-B586-3C2AF67EFB69}.Debug|x64.Build.0 = Debug|x64
		{EC990D41-8EA8-4FF3-B586-3C2AF67EFB69}.Debug|x86.ActiveCfg = Debug|Win32
		{EC990D41-8EA8-4FF3-B586-3C2AF67EFB69}.Debug|x86.Build.0 = Debug|Win32
		{EC990D41-8EA8-4FF3-B586-3C2AF67EFB69}.Release|x64.ActiveCfg = Release|x64
		{EC990D41-8EA8-4FF3-B586-3C2AF67EFB69}.Release|x64.Build.0 = Release|x64
		{EC990D41-8EA8-4FF3-B586-3C2AF67EFB69}.Release|x86.ActiveCfg = Release|Win32
		{EC990D41-8EA8-4FF3-B586-3C2AF67EFB69}.Release|x86.Build.0 = Release|Win32
	EndGlobalSection
	GlobalSection(SolutionProperties) = preSolution
		HideSolutionNode = FALSE
	EndGlobalSection
EndGlobal
